
Microsoft Visual Studio Solution File, Format Version 12.00
# Visual Studio Version 17
VisualStudioVersion = 17.4.33213.308
MinimumVisualStudioVersion = 10.0.40219.1
Project("{FAE04EC0-301F-11D3-BF4B-00C04F79EFBC}") = "OOP", "OOP\OOP.csproj", "{EEED542C-B471-47E1-925C-2127C20E7A1F}"
EndProject
Global
	GlobalSection(SolutionConfigurationPlatforms) = preSolution
		Debug|Any CPU = Debug|Any CPU
		Release|Any CPU = Release|Any CPU
	EndGlobalSection
	GlobalSection(ProjectConfigurationPlatforms) = postSolution
		{EEED542C-B471-47E1-925C-2127C20E7A1F}.Debug|Any CPU.ActiveCfg = Debug|Any CPU
		{EEED542C-B471-47E1-925C-2127C20E7A1F}.Debug|Any CPU.Build.0 = Debug|Any CPU
		{EEED542C-B471-47E1-925C-2127C20E7A1F}.Release|Any CPU.ActiveCfg = Release|Any CPU
		{EEED542C-B471-47E1-925C-2127C20E7A1F}.Release|Any CPU.Build.0 = Release|Any CPU
	EndGlobalSection
	GlobalSection(SolutionProperties) = preSolution
		HideSolutionNode = FALSE
	EndGlobalSection
	GlobalSection(ExtensibilityGlobals) = postSolution
		SolutionGuid = {B4782B61-41B4-46C7-B86F-63C3562C6060}
	EndGlobalSection
EndGlobal
